
Microsoft Visual Studio Solution File, Format Version 12.00
# Visual Studio Version 17
VisualStudioVersion = 17.1.32228.430
MinimumVisualStudioVersion = 10.0.40219.1
Project("{FAE04EC0-301F-11D3-BF4B-00C04F79EFBC}") = "Desafio-de codigo", "Desafio-de codigo\Desafio-de codigo.csproj", "{60268105-8014-4B2D-9B4A-7AA5E5D8F36A}"
EndProject
Global
	GlobalSection(SolutionConfigurationPlatforms) = preSolution
		Debug|Any CPU = Debug|Any CPU
		Release|Any CPU = Release|Any CPU
	EndGlobalSection
	GlobalSection(ProjectConfigurationPlatforms) = postSolution
		{60268105-8014-4B2D-9B4A-7AA5E5D8F36A}.Debug|Any CPU.ActiveCfg = Debug|Any CPU
		{60268105-8014-4B2D-9B4A-7AA5E5D8F36A}.Debug|Any CPU.Build.0 = Debug|Any CPU
		{60268105-8014-4B2D-9B4A-7AA5E5D8F36A}.Release|Any CPU.ActiveCfg = Release|Any CPU
		{60268105-8014-4B2D-9B4A-7AA5E5D8F36A}.Release|Any CPU.Build.0 = Release|Any CPU
	EndGlobalSection
	GlobalSection(SolutionProperties) = preSolution
		HideSolutionNode = FALSE
	EndGlobalSection
	GlobalSection(ExtensibilityGlobals) = postSolution
		SolutionGuid = {601FC79F-D598-40B7-B6B1-C4F6A4C634ED}
	EndGlobalSection
EndGlobal
